// !$*UTF8*$!
{
	archiveVersion = 1;
	classes = {
	};
	objectVersion = 46;
	objects = {

/* Begin PBXBuildFile section */
		EB15764E19CD4425009023CA /* YOHSearchViewController.m in Sources */ = {isa = PBXBuildFile; fileRef = EB15764C19CD4425009023CA /* YOHSearchViewController.m */; };
		EB15764F19CD4425009023CA /* YOHSearchViewController.xib in Resources */ = {isa = PBXBuildFile; fileRef = EB15764D19CD4425009023CA /* YOHSearchViewController.xib */; };
		EB15765319CD4442009023CA /* YOHMainViewController.m in Sources */ = {isa = PBXBuildFile; fileRef = EB15765119CD4442009023CA /* YOHMainViewController.m */; };
		EB15765419CD4442009023CA /* YOHMainViewController.xib in Resources */ = {isa = PBXBuildFile; fileRef = EB15765219CD4442009023CA /* YOHMainViewController.xib */; };
		EB15765819CD4452009023CA /* YOHLoginViewController.m in Sources */ = {isa = PBXBuildFile; fileRef = EB15765619CD4452009023CA /* YOHLoginViewController.m */; };
		EB15765919CD4452009023CA /* YOHLoginViewController.xib in Resources */ = {isa = PBXBuildFile; fileRef = EB15765719CD4452009023CA /* YOHLoginViewController.xib */; };
		EB15765D19CD4463009023CA /* YOHSettingsViewController.m in Sources */ = {isa = PBXBuildFile; fileRef = EB15765B19CD4463009023CA /* YOHSettingsViewController.m */; };
		EB15765E19CD4463009023CA /* YOHSettingsViewController.xib in Resources */ = {isa = PBXBuildFile; fileRef = EB15765C19CD4463009023CA /* YOHSettingsViewController.xib */; };
		EB15766219CD446E009023CA /* YOHSignupViewController.m in Sources */ = {isa = PBXBuildFile; fileRef = EB15766019CD446E009023CA /* YOHSignupViewController.m */; };
		EB15766319CD446E009023CA /* YOHSignupViewController.xib in Resources */ = {isa = PBXBuildFile; fileRef = EB15766119CD446E009023CA /* YOHSignupViewController.xib */; };
		EB15766719CD4478009023CA /* YOHItemViewController.m in Sources */ = {isa = PBXBuildFile; fileRef = EB15766519CD4478009023CA /* YOHItemViewController.m */; };
		EB15766819CD4478009023CA /* YOHItemViewController.xib in Resources */ = {isa = PBXBuildFile; fileRef = EB15766619CD4478009023CA /* YOHItemViewController.xib */; };
		EB15766C19CD4482009023CA /* YOHInstaViewController.m in Sources */ = {isa = PBXBuildFile; fileRef = EB15766A19CD4482009023CA /* YOHInstaViewController.m */; };
		EB15766D19CD4482009023CA /* YOHInstaViewController.xib in Resources */ = {isa = PBXBuildFile; fileRef = EB15766B19CD4482009023CA /* YOHInstaViewController.xib */; };
		EB15767119CD4491009023CA /* YOHCollectionViewController.m in Sources */ = {isa = PBXBuildFile; fileRef = EB15766F19CD4491009023CA /* YOHCollectionViewController.m */; };
		EB15767219CD4491009023CA /* YOHCollectionViewController.xib in Resources */ = {isa = PBXBuildFile; fileRef = EB15767019CD4491009023CA /* YOHCollectionViewController.xib */; };
		EB15767619CD4503009023CA /* YOHRecentViewController.m in Sources */ = {isa = PBXBuildFile; fileRef = EB15767419CD4503009023CA /* YOHRecentViewController.m */; };
		EB15767719CD4503009023CA /* YOHRecentViewController.xib in Resources */ = {isa = PBXBuildFile; fileRef = EB15767519CD4503009023CA /* YOHRecentViewController.xib */; };
		EBBB604C19CD3DEB00F3295C /* Foundation.framework in Frameworks */ = {isa = PBXBuildFile; fileRef = EBBB604B19CD3DEB00F3295C /* Foundation.framework */; };
		EBBB604E19CD3DEB00F3295C /* CoreGraphics.framework in Frameworks */ = {isa = PBXBuildFile; fileRef = EBBB604D19CD3DEB00F3295C /* CoreGraphics.framework */; };
		EBBB605019CD3DEB00F3295C /* UIKit.framework in Frameworks */ = {isa = PBXBuildFile; fileRef = EBBB604F19CD3DEB00F3295C /* UIKit.framework */; };
		EBBB605619CD3DEB00F3295C /* InfoPlist.strings in Resources */ = {isa = PBXBuildFile; fileRef = EBBB605419CD3DEB00F3295C /* InfoPlist.strings */; };
		EBBB605819CD3DEB00F3295C /* main.m in Sources */ = {isa = PBXBuildFile; fileRef = EBBB605719CD3DEB00F3295C /* main.m */; };
		EBBB605C19CD3DEB00F3295C /* YOHAppDelegate.m in Sources */ = {isa = PBXBuildFile; fileRef = EBBB605B19CD3DEB00F3295C /* YOHAppDelegate.m */; };
		EBBB605E19CD3DEB00F3295C /* Images.xcassets in Resources */ = {isa = PBXBuildFile; fileRef = EBBB605D19CD3DEB00F3295C /* Images.xcassets */; };
		EBBB606519CD3DEB00F3295C /* XCTest.framework in Frameworks */ = {isa = PBXBuildFile; fileRef = EBBB606419CD3DEB00F3295C /* XCTest.framework */; };
		EBBB606619CD3DEB00F3295C /* Foundation.framework in Frameworks */ = {isa = PBXBuildFile; fileRef = EBBB604B19CD3DEB00F3295C /* Foundation.framework */; };
		EBBB606719CD3DEB00F3295C /* UIKit.framework in Frameworks */ = {isa = PBXBuildFile; fileRef = EBBB604F19CD3DEB00F3295C /* UIKit.framework */; };
		EBBB606F19CD3DEB00F3295C /* InfoPlist.strings in Resources */ = {isa = PBXBuildFile; fileRef = EBBB606D19CD3DEB00F3295C /* InfoPlist.strings */; };
		EBBB607119CD3DEB00F3295C /* YoupinTests.m in Sources */ = {isa = PBXBuildFile; fileRef = EBBB607019CD3DEB00F3295C /* YoupinTests.m */; };
/* End PBXBuildFile section */

/* Begin PBXContainerItemProxy section */
		EBBB606819CD3DEB00F3295C /* PBXContainerItemProxy */ = {
			isa = PBXContainerItemProxy;
			containerPortal = EBBB604019CD3DEB00F3295C /* Project object */;
			proxyType = 1;
			remoteGlobalIDString = EBBB604719CD3DEB00F3295C;
			remoteInfo = Youpin;
		};
/* End PBXContainerItemProxy section */

/* Begin PBXFileReference section */
		EB15764B19CD4425009023CA /* YOHSearchViewController.h */ = {isa = PBXFileReference; fileEncoding = 4; lastKnownFileType = sourcecode.c.h; path = YOHSearchViewController.h; sourceTree = "<group>"; };
		EB15764C19CD4425009023CA /* YOHSearchViewController.m */ = {isa = PBXFileReference; fileEncoding = 4; lastKnownFileType = sourcecode.c.objc; path = YOHSearchViewController.m; sourceTree = "<group>"; };
		EB15764D19CD4425009023CA /* YOHSearchViewController.xib */ = {isa = PBXFileReference; fileEncoding = 4; lastKnownFileType = file.xib; path = YOHSearchViewController.xib; sourceTree = "<group>"; };
		EB15765019CD4442009023CA /* YOHMainViewController.h */ = {isa = PBXFileReference; fileEncoding = 4; lastKnownFileType = sourcecode.c.h; name = YOHMainViewController.h; path = ../YOHMainViewController.h; sourceTree = "<group>"; };
		EB15765119CD4442009023CA /* YOHMainViewController.m */ = {isa = PBXFileReference; fileEncoding = 4; lastKnownFileType = sourcecode.c.objc; name = YOHMainViewController.m; path = ../YOHMainViewController.m; sourceTree = "<group>"; };
		EB15765219CD4442009023CA /* YOHMainViewController.xib */ = {isa = PBXFileReference; fileEncoding = 4; lastKnownFileType = file.xib; name = YOHMainViewController.xib; path = ../YOHMainViewController.xib; sourceTree = "<group>"; };
		EB15765519CD4452009023CA /* YOHLoginViewController.h */ = {isa = PBXFileReference; fileEncoding = 4; lastKnownFileType = sourcecode.c.h; path = YOHLoginViewController.h; sourceTree = "<group>"; };
		EB15765619CD4452009023CA /* YOHLoginViewController.m */ = {isa = PBXFileReference; fileEncoding = 4; lastKnownFileType = sourcecode.c.objc; path = YOHLoginViewController.m; sourceTree = "<group>"; };
		EB15765719CD4452009023CA /* YOHLoginViewController.xib */ = {isa = PBXFileReference; fileEncoding = 4; lastKnownFileType = file.xib; path = YOHLoginViewController.xib; sourceTree = "<group>"; };
		EB15765A19CD4463009023CA /* YOHSettingsViewController.h */ = {isa = PBXFileReference; fileEncoding = 4; lastKnownFileType = sourcecode.c.h; path = YOHSettingsViewController.h; sourceTree = "<group>"; };
		EB15765B19CD4463009023CA /* YOHSettingsViewController.m */ = {isa = PBXFileReference; fileEncoding = 4; lastKnownFileType = sourcecode.c.objc; path = YOHSettingsViewController.m; sourceTree = "<group>"; };
		EB15765C19CD4463009023CA /* YOHSettingsViewController.xib */ = {isa = PBXFileReference; fileEncoding = 4; lastKnownFileType = file.xib; path = YOHSettingsViewController.xib; sourceTree = "<group>"; };
		EB15765F19CD446E009023CA /* YOHSignupViewController.h */ = {isa = PBXFileReference; fileEncoding = 4; lastKnownFileType = sourcecode.c.h; path = YOHSignupViewController.h; sourceTree = "<group>"; };
		EB15766019CD446E009023CA /* YOHSignupViewController.m */ = {isa = PBXFileReference; fileEncoding = 4; lastKnownFileType = sourcecode.c.objc; path = YOHSignupViewController.m; sourceTree = "<group>"; };
		EB15766119CD446E009023CA /* YOHSignupViewController.xib */ = {isa = PBXFileReference; fileEncoding = 4; lastKnownFileType = file.xib; path = YOHSignupViewController.xib; sourceTree = "<group>"; };
		EB15766419CD4478009023CA /* YOHItemViewController.h */ = {isa = PBXFileReference; fileEncoding = 4; lastKnownFileType = sourcecode.c.h; path = YOHItemViewController.h; sourceTree = "<group>"; };
		EB15766519CD4478009023CA /* YOHItemViewController.m */ = {isa = PBXFileReference; fileEncoding = 4; lastKnownFileType = sourcecode.c.objc; path = YOHItemViewController.m; sourceTree = "<group>"; };
		EB15766619CD4478009023CA /* YOHItemViewController.xib */ = {isa = PBXFileReference; fileEncoding = 4; lastKnownFileType = file.xib; path = YOHItemViewController.xib; sourceTree = "<group>"; };
		EB15766919CD4482009023CA /* YOHInstaViewController.h */ = {isa = PBXFileReference; fileEncoding = 4; lastKnownFileType = sourcecode.c.h; path = YOHInstaViewController.h; sourceTree = "<group>"; };
		EB15766A19CD4482009023CA /* YOHInstaViewController.m */ = {isa = PBXFileReference; fileEncoding = 4; lastKnownFileType = sourcecode.c.objc; path = YOHInstaViewController.m; sourceTree = "<group>"; };
		EB15766B19CD4482009023CA /* YOHInstaViewController.xib */ = {isa = PBXFileReference; fileEncoding = 4; lastKnownFileType = file.xib; path = YOHInstaViewController.xib; sourceTree = "<group>"; };
		EB15766E19CD4491009023CA /* YOHCollectionViewController.h */ = {isa = PBXFileReference; fileEncoding = 4; lastKnownFileType = sourcecode.c.h; path = YOHCollectionViewController.h; sourceTree = "<group>"; };
		EB15766F19CD4491009023CA /* YOHCollectionViewController.m */ = {isa = PBXFileReference; fileEncoding = 4; lastKnownFileType = sourcecode.c.objc; path = YOHCollectionViewController.m; sourceTree = "<group>"; };
		EB15767019CD4491009023CA /* YOHCollectionViewController.xib */ = {isa = PBXFileReference; fileEncoding = 4; lastKnownFileType = file.xib; path = YOHCollectionViewController.xib; sourceTree = "<group>"; };
		EB15767319CD4503009023CA /* YOHRecentViewController.h */ = {isa = PBXFileReference; fileEncoding = 4; lastKnownFileType = sourcecode.c.h; path = YOHRecentViewController.h; sourceTree = "<group>"; };
		EB15767419CD4503009023CA /* YOHRecentViewController.m */ = {isa = PBXFileReference; fileEncoding = 4; lastKnownFileType = sourcecode.c.objc; path = YOHRecentViewController.m; sourceTree = "<group>"; };
		EB15767519CD4503009023CA /* YOHRecentViewController.xib */ = {isa = PBXFileReference; fileEncoding = 4; lastKnownFileType = file.xib; path = YOHRecentViewController.xib; sourceTree = "<group>"; };
		EBBB604819CD3DEB00F3295C /* Youpin.app */ = {isa = PBXFileReference; explicitFileType = wrapper.application; includeInIndex = 0; path = Youpin.app; sourceTree = BUILT_PRODUCTS_DIR; };
		EBBB604B19CD3DEB00F3295C /* Foundation.framework */ = {isa = PBXFileReference; lastKnownFileType = wrapper.framework; name = Foundation.framework; path = System/Library/Frameworks/Foundation.framework; sourceTree = SDKROOT; };
		EBBB604D19CD3DEB00F3295C /* CoreGraphics.framework */ = {isa = PBXFileReference; lastKnownFileType = wrapper.framework; name = CoreGraphics.framework; path = System/Library/Frameworks/CoreGraphics.framework; sourceTree = SDKROOT; };
		EBBB604F19CD3DEB00F3295C /* UIKit.framework */ = {isa = PBXFileReference; lastKnownFileType = wrapper.framework; name = UIKit.framework; path = System/Library/Frameworks/UIKit.framework; sourceTree = SDKROOT; };
		EBBB605319CD3DEB00F3295C /* Youpin-Info.plist */ = {isa = PBXFileReference; lastKnownFileType = text.plist.xml; path = "Youpin-Info.plist"; sourceTree = "<group>"; };
		EBBB605519CD3DEB00F3295C /* en */ = {isa = PBXFileReference; lastKnownFileType = text.plist.strings; name = en; path = en.lproj/InfoPlist.strings; sourceTree = "<group>"; };
		EBBB605719CD3DEB00F3295C /* main.m */ = {isa = PBXFileReference; lastKnownFileType = sourcecode.c.objc; path = main.m; sourceTree = "<group>"; };
		EBBB605919CD3DEB00F3295C /* Youpin-Prefix.pch */ = {isa = PBXFileReference; lastKnownFileType = sourcecode.c.h; path = "Youpin-Prefix.pch"; sourceTree = "<group>"; };
		EBBB605A19CD3DEB00F3295C /* YOHAppDelegate.h */ = {isa = PBXFileReference; lastKnownFileType = sourcecode.c.h; path = YOHAppDelegate.h; sourceTree = "<group>"; };
		EBBB605B19CD3DEB00F3295C /* YOHAppDelegate.m */ = {isa = PBXFileReference; lastKnownFileType = sourcecode.c.objc; path = YOHAppDelegate.m; sourceTree = "<group>"; };
		EBBB605D19CD3DEB00F3295C /* Images.xcassets */ = {isa = PBXFileReference; lastKnownFileType = folder.assetcatalog; path = Images.xcassets; sourceTree = "<group>"; };
		EBBB606319CD3DEB00F3295C /* YoupinTests.xctest */ = {isa = PBXFileReference; explicitFileType = wrapper.cfbundle; includeInIndex = 0; path = YoupinTests.xctest; sourceTree = BUILT_PRODUCTS_DIR; };
		EBBB606419CD3DEB00F3295C /* XCTest.framework */ = {isa = PBXFileReference; lastKnownFileType = wrapper.framework; name = XCTest.framework; path = Library/Frameworks/XCTest.framework; sourceTree = DEVELOPER_DIR; };
		EBBB606C19CD3DEB00F3295C /* YoupinTests-Info.plist */ = {isa = PBXFileReference; lastKnownFileType = text.plist.xml; path = "YoupinTests-Info.plist"; sourceTree = "<group>"; };
		EBBB606E19CD3DEB00F3295C /* en */ = {isa = PBXFileReference; lastKnownFileType = text.plist.strings; name = en; path = en.lproj/InfoPlist.strings; sourceTree = "<group>"; };
		EBBB607019CD3DEB00F3295C /* YoupinTests.m */ = {isa = PBXFileReference; lastKnownFileType = sourcecode.c.objc; path = YoupinTests.m; sourceTree = "<group>"; };
/* End PBXFileReference section */

/* Begin PBXFrameworksBuildPhase section */
		EBBB604519CD3DEB00F3295C /* Frameworks */ = {
			isa = PBXFrameworksBuildPhase;
			buildActionMask = 2147483647;
			files = (
				EBBB604E19CD3DEB00F3295C /* CoreGraphics.framework in Frameworks */,
				EBBB605019CD3DEB00F3295C /* UIKit.framework in Frameworks */,
				EBBB604C19CD3DEB00F3295C /* Foundation.framework in Frameworks */,
			);
			runOnlyForDeploymentPostprocessing = 0;
		};
		EBBB606019CD3DEB00F3295C /* Frameworks */ = {
			isa = PBXFrameworksBuildPhase;
			buildActionMask = 2147483647;
			files = (
				EBBB606519CD3DEB00F3295C /* XCTest.framework in Frameworks */,
				EBBB606719CD3DEB00F3295C /* UIKit.framework in Frameworks */,
				EBBB606619CD3DEB00F3295C /* Foundation.framework in Frameworks */,
			);
			runOnlyForDeploymentPostprocessing = 0;
		};
/* End PBXFrameworksBuildPhase section */

/* Begin PBXGroup section */
		EBBB603F19CD3DEB00F3295C = {
			isa = PBXGroup;
			children = (
				EBBB605119CD3DEB00F3295C /* Youpin */,
				EBBB606A19CD3DEB00F3295C /* YoupinTests */,
				EBBB604A19CD3DEB00F3295C /* Frameworks */,
				EBBB604919CD3DEB00F3295C /* Products */,
			);
			sourceTree = "<group>";
		};
		EBBB604919CD3DEB00F3295C /* Products */ = {
			isa = PBXGroup;
			children = (
				EBBB604819CD3DEB00F3295C /* Youpin.app */,
				EBBB606319CD3DEB00F3295C /* YoupinTests.xctest */,
			);
			name = Products;
			sourceTree = "<group>";
		};
		EBBB604A19CD3DEB00F3295C /* Frameworks */ = {
			isa = PBXGroup;
			children = (
				EBBB604B19CD3DEB00F3295C /* Foundation.framework */,
				EBBB604D19CD3DEB00F3295C /* CoreGraphics.framework */,
				EBBB604F19CD3DEB00F3295C /* UIKit.framework */,
				EBBB606419CD3DEB00F3295C /* XCTest.framework */,
			);
			name = Frameworks;
			sourceTree = "<group>";
		};
		EBBB605119CD3DEB00F3295C /* Youpin */ = {
			isa = PBXGroup;
			children = (
				EBBB605A19CD3DEB00F3295C /* YOHAppDelegate.h */,
				EBBB605B19CD3DEB00F3295C /* YOHAppDelegate.m */,
				EB15765019CD4442009023CA /* YOHMainViewController.h */,
				EB15765119CD4442009023CA /* YOHMainViewController.m */,
				EB15765219CD4442009023CA /* YOHMainViewController.xib */,
				EB15767319CD4503009023CA /* YOHRecentViewController.h */,
				EB15767419CD4503009023CA /* YOHRecentViewController.m */,
				EB15767519CD4503009023CA /* YOHRecentViewController.xib */,
				EB15764B19CD4425009023CA /* YOHSearchViewController.h */,
				EB15764C19CD4425009023CA /* YOHSearchViewController.m */,
				EB15764D19CD4425009023CA /* YOHSearchViewController.xib */,
				EB15765519CD4452009023CA /* YOHLoginViewController.h */,
				EB15765619CD4452009023CA /* YOHLoginViewController.m */,
				EB15765719CD4452009023CA /* YOHLoginViewController.xib */,
				EB15765A19CD4463009023CA /* YOHSettingsViewController.h */,
				EB15765B19CD4463009023CA /* YOHSettingsViewController.m */,
				EB15765C19CD4463009023CA /* YOHSettingsViewController.xib */,
				EB15765F19CD446E009023CA /* YOHSignupViewController.h */,
				EB15766019CD446E009023CA /* YOHSignupViewController.m */,
				EB15766119CD446E009023CA /* YOHSignupViewController.xib */,
				EB15766419CD4478009023CA /* YOHItemViewController.h */,
				EB15766519CD4478009023CA /* YOHItemViewController.m */,
				EB15766619CD4478009023CA /* YOHItemViewController.xib */,
				EB15766919CD4482009023CA /* YOHInstaViewController.h */,
				EB15766A19CD4482009023CA /* YOHInstaViewController.m */,
				EB15766B19CD4482009023CA /* YOHInstaViewController.xib */,
				EB15766E19CD4491009023CA /* YOHCollectionViewController.h */,
				EB15766F19CD4491009023CA /* YOHCollectionViewController.m */,
				EB15767019CD4491009023CA /* YOHCollectionViewController.xib */,
				EBBB605D19CD3DEB00F3295C /* Images.xcassets */,
				EBBB605219CD3DEB00F3295C /* Supporting Files */,
			);
			path = Youpin;
			sourceTree = "<group>";
		};
		EBBB605219CD3DEB00F3295C /* Supporting Files */ = {
			isa = PBXGroup;
			children = (
				EBBB605319CD3DEB00F3295C /* Youpin-Info.plist */,
				EBBB605419CD3DEB00F3295C /* InfoPlist.strings */,
				EBBB605719CD3DEB00F3295C /* main.m */,
				EBBB605919CD3DEB00F3295C /* Youpin-Prefix.pch */,
			);
			name = "Supporting Files";
			sourceTree = "<group>";
		};
		EBBB606A19CD3DEB00F3295C /* YoupinTests */ = {
			isa = PBXGroup;
			children = (
				EBBB607019CD3DEB00F3295C /* YoupinTests.m */,
				EBBB606B19CD3DEB00F3295C /* Supporting Files */,
			);
			path = YoupinTests;
			sourceTree = "<group>";
		};
		EBBB606B19CD3DEB00F3295C /* Supporting Files */ = {
			isa = PBXGroup;
			children = (
				EBBB606C19CD3DEB00F3295C /* YoupinTests-Info.plist */,
				EBBB606D19CD3DEB00F3295C /* InfoPlist.strings */,
			);
			name = "Supporting Files";
			sourceTree = "<group>";
		};
/* End PBXGroup section */

/* Begin PBXNativeTarget section */
		EBBB604719CD3DEB00F3295C /* Youpin */ = {
			isa = PBXNativeTarget;
			buildConfigurationList = EBBB607419CD3DEB00F3295C /* Build configuration list for PBXNativeTarget "Youpin" */;
			buildPhases = (
				EBBB604419CD3DEB00F3295C /* Sources */,
				EBBB604519CD3DEB00F3295C /* Frameworks */,
				EBBB604619CD3DEB00F3295C /* Resources */,
			);
			buildRules = (
			);
			dependencies = (
			);
			name = Youpin;
			productName = Youpin;
			productReference = EBBB604819CD3DEB00F3295C /* Youpin.app */;
			productType = "com.apple.product-type.application";
		};
		EBBB606219CD3DEB00F3295C /* YoupinTests */ = {
			isa = PBXNativeTarget;
			buildConfigurationList = EBBB607719CD3DEB00F3295C /* Build configuration list for PBXNativeTarget "YoupinTests" */;
			buildPhases = (
				EBBB605F19CD3DEB00F3295C /* Sources */,
				EBBB606019CD3DEB00F3295C /* Frameworks */,
				EBBB606119CD3DEB00F3295C /* Resources */,
			);
			buildRules = (
			);
			dependencies = (
				EBBB606919CD3DEB00F3295C /* PBXTargetDependency */,
			);
			name = YoupinTests;
			productName = YoupinTests;
			productReference = EBBB606319CD3DEB00F3295C /* YoupinTests.xctest */;
			productType = "com.apple.product-type.bundle.unit-test";
		};
/* End PBXNativeTarget section */

/* Begin PBXProject section */
		EBBB604019CD3DEB00F3295C /* Project object */ = {
			isa = PBXProject;
			attributes = {
				CLASSPREFIX = YOH;
				LastUpgradeCheck = 0510;
				ORGANIZATIONNAME = Aiiyoh;
				TargetAttributes = {
					EBBB606219CD3DEB00F3295C = {
						TestTargetID = EBBB604719CD3DEB00F3295C;
					};
				};
			};
			buildConfigurationList = EBBB604319CD3DEB00F3295C /* Build configuration list for PBXProject "Youpin" */;
			compatibilityVersion = "Xcode 3.2";
			developmentRegion = English;
			hasScannedForEncodings = 0;
			knownRegions = (
				en,
			);
			mainGroup = EBBB603F19CD3DEB00F3295C;
			productRefGroup = EBBB604919CD3DEB00F3295C /* Products */;
			projectDirPath = "";
			projectRoot = "";
			targets = (
				EBBB604719CD3DEB00F3295C /* Youpin */,
				EBBB606219CD3DEB00F3295C /* YoupinTests */,
			);
		};
/* End PBXProject section */

/* Begin PBXResourcesBuildPhase section */
		EBBB604619CD3DEB00F3295C /* Resources */ = {
			isa = PBXResourcesBuildPhase;
			buildActionMask = 2147483647;
			files = (
				EB15766819CD4478009023CA /* YOHItemViewController.xib in Resources */,
				EBBB605619CD3DEB00F3295C /* InfoPlist.strings in Resources */,
				EB15766319CD446E009023CA /* YOHSignupViewController.xib in Resources */,
				EB15764F19CD4425009023CA /* YOHSearchViewController.xib in Resources */,
				EB15765419CD4442009023CA /* YOHMainViewController.xib in Resources */,
				EB15767219CD4491009023CA /* YOHCollectionViewController.xib in Resources */,
				EB15766D19CD4482009023CA /* YOHInstaViewController.xib in Resources */,
				EB15767719CD4503009023CA /* YOHRecentViewController.xib in Resources */,
				EBBB605E19CD3DEB00F3295C /* Images.xcassets in Resources */,
				EB15765E19CD4463009023CA /* YOHSettingsViewController.xib in Resources */,
				EB15765919CD4452009023CA /* YOHLoginViewController.xib in Resources */,
			);
			runOnlyForDeploymentPostprocessing = 0;
		};
		EBBB606119CD3DEB00F3295C /* Resources */ = {
			isa = PBXResourcesBuildPhase;
			buildActionMask = 2147483647;
			files = (
				EBBB606F19CD3DEB00F3295C /* InfoPlist.strings in Resources */,
			);
			runOnlyForDeploymentPostprocessing = 0;
		};
/* End PBXResourcesBuildPhase section */

/* Begin PBXSourcesBuildPhase section */
		EBBB604419CD3DEB00F3295C /* Sources */ = {
			isa = PBXSourcesBuildPhase;
			buildActionMask = 2147483647;
			files = (
				EB15766719CD4478009023CA /* YOHItemViewController.m in Sources */,
				EB15766219CD446E009023CA /* YOHSignupViewController.m in Sources */,
				EB15765819CD4452009023CA /* YOHLoginViewController.m in Sources */,
				EB15767119CD4491009023CA /* YOHCollectionViewController.m in Sources */,
				EBBB605819CD3DEB00F3295C /* main.m in Sources */,
				EBBB605C19CD3DEB00F3295C /* YOHAppDelegate.m in Sources */,
				EB15767619CD4503009023CA /* YOHRecentViewController.m in Sources */,
				EB15765319CD4442009023CA /* YOHMainViewController.m in Sources */,
				EB15765D19CD4463009023CA /* YOHSettingsViewController.m in Sources */,
				EB15764E19CD4425009023CA /* YOHSearchViewController.m in Sources */,
				EB15766C19CD4482009023CA /* YOHInstaViewController.m in Sources */,
			);
			runOnlyForDeploymentPostprocessing = 0;
		};
		EBBB605F19CD3DEB00F3295C /* Sources */ = {
			isa = PBXSourcesBuildPhase;
			buildActionMask = 2147483647;
			files = (
				EBBB607119CD3DEB00F3295C /* YoupinTests.m in Sources */,
			);
			runOnlyForDeploymentPostprocessing = 0;
		};
/* End PBXSourcesBuildPhase section */

/* Begin PBXTargetDependency section */
		EBBB606919CD3DEB00F3295C /* PBXTargetDependency */ = {
			isa = PBXTargetDependency;
			target = EBBB604719CD3DEB00F3295C /* Youpin */;
			targetProxy = EBBB606819CD3DEB00F3295C /* PBXContainerItemProxy */;
		};
/* End PBXTargetDependency section */

/* Begin PBXVariantGroup section */
		EBBB605419CD3DEB00F3295C /* InfoPlist.strings */ = {
			isa = PBXVariantGroup;
			children = (
				EBBB605519CD3DEB00F3295C /* en */,
			);
			name = InfoPlist.strings;
			sourceTree = "<group>";
		};
		EBBB606D19CD3DEB00F3295C /* InfoPlist.strings */ = {
			isa = PBXVariantGroup;
			children = (
				EBBB606E19CD3DEB00F3295C /* en */,
			);
			name = InfoPlist.strings;
			sourceTree = "<group>";
		};
/* End PBXVariantGroup section */

/* Begin XCBuildConfiguration section */
		EBBB607219CD3DEB00F3295C /* Debug */ = {
			isa = XCBuildConfiguration;
			buildSettings = {
				ALWAYS_SEARCH_USER_PATHS = NO;
				CLANG_CXX_LANGUAGE_STANDARD = "gnu++0x";
				CLANG_CXX_LIBRARY = "libc++";
				CLANG_ENABLE_MODULES = YES;
				CLANG_ENABLE_OBJC_ARC = YES;
				CLANG_WARN_BOOL_CONVERSION = YES;
				CLANG_WARN_CONSTANT_CONVERSION = YES;
				CLANG_WARN_DIRECT_OBJC_ISA_USAGE = YES_ERROR;
				CLANG_WARN_EMPTY_BODY = YES;
				CLANG_WARN_ENUM_CONVERSION = YES;
				CLANG_WARN_INT_CONVERSION = YES;
				CLANG_WARN_OBJC_ROOT_CLASS = YES_ERROR;
				CLANG_WARN__DUPLICATE_METHOD_MATCH = YES;
				"CODE_SIGN_IDENTITY[sdk=iphoneos*]" = "iPhone Developer";
				COPY_PHASE_STRIP = NO;
				GCC_C_LANGUAGE_STANDARD = gnu99;
				GCC_DYNAMIC_NO_PIC = NO;
				GCC_OPTIMIZATION_LEVEL = 0;
				GCC_PREPROCESSOR_DEFINITIONS = (
					"DEBUG=1",
					"$(inherited)",
				);
				GCC_SYMBOLS_PRIVATE_EXTERN = NO;
				GCC_WARN_64_TO_32_BIT_CONVERSION = YES;
				GCC_WARN_ABOUT_RETURN_TYPE = YES_ERROR;
				GCC_WARN_UNDECLARED_SELECTOR = YES;
				GCC_WARN_UNINITIALIZED_AUTOS = YES_AGGRESSIVE;
				GCC_WARN_UNUSED_FUNCTION = YES;
				GCC_WARN_UNUSED_VARIABLE = YES;
				IPHONEOS_DEPLOYMENT_TARGET = 7.1;
				ONLY_ACTIVE_ARCH = YES;
				SDKROOT = iphoneos;
			};
			name = Debug;
		};
		EBBB607319CD3DEB00F3295C /* Release */ = {
			isa = XCBuildConfiguration;
			buildSettings = {
				ALWAYS_SEARCH_USER_PATHS = NO;
				CLANG_CXX_LANGUAGE_STANDARD = "gnu++0x";
				CLANG_CXX_LIBRARY = "libc++";
				CLANG_ENABLE_MODULES = YES;
				CLANG_ENABLE_OBJC_ARC = YES;
				CLANG_WARN_BOOL_CONVERSION = YES;
				CLANG_WARN_CONSTANT_CONVERSION = YES;
				CLANG_WARN_DIRECT_OBJC_ISA_USAGE = YES_ERROR;
				CLANG_WARN_EMPTY_BODY = YES;
				CLANG_WARN_ENUM_CONVERSION = YES;
				CLANG_WARN_INT_CONVERSION = YES;
				CLANG_WARN_OBJC_ROOT_CLASS = YES_ERROR;
				CLANG_WARN__DUPLICATE_METHOD_MATCH = YES;
				"CODE_SIGN_IDENTITY[sdk=iphoneos*]" = "iPhone Developer";
				COPY_PHASE_STRIP = YES;
				ENABLE_NS_ASSERTIONS = NO;
				GCC_C_LANGUAGE_STANDARD = gnu99;
				GCC_WARN_64_TO_32_BIT_CONVERSION = YES;
				GCC_WARN_ABOUT_RETURN_TYPE = YES_ERROR;
				GCC_WARN_UNDECLARED_SELECTOR = YES;
				GCC_WARN_UNINITIALIZED_AUTOS = YES_AGGRESSIVE;
				GCC_WARN_UNUSED_FUNCTION = YES;
				GCC_WARN_UNUSED_VARIABLE = YES;
				IPHONEOS_DEPLOYMENT_TARGET = 7.1;
				SDKROOT = iphoneos;
				VALIDATE_PRODUCT = YES;
			};
			name = Release;
		};
		EBBB607519CD3DEB00F3295C /* Debug */ = {
			isa = XCBuildConfiguration;
			buildSettings = {
				ASSETCATALOG_COMPILER_APPICON_NAME = AppIcon;
				ASSETCATALOG_COMPILER_LAUNCHIMAGE_NAME = LaunchImage;
				GCC_PRECOMPILE_PREFIX_HEADER = YES;
				GCC_PREFIX_HEADER = "Youpin/Youpin-Prefix.pch";
				INFOPLIST_FILE = "Youpin/Youpin-Info.plist";
				PRODUCT_NAME = "$(TARGET_NAME)";
				WRAPPER_EXTENSION = app;
			};
			name = Debug;
		};
		EBBB607619CD3DEB00F3295C /* Release */ = {
			isa = XCBuildConfiguration;
			buildSettings = {
				ASSETCATALOG_COMPILER_APPICON_NAME = AppIcon;
				ASSETCATALOG_COMPILER_LAUNCHIMAGE_NAME = LaunchImage;
				GCC_PRECOMPILE_PREFIX_HEADER = YES;
				GCC_PREFIX_HEADER = "Youpin/Youpin-Prefix.pch";
				INFOPLIST_FILE = "Youpin/Youpin-Info.plist";
				PRODUCT_NAME = "$(TARGET_NAME)";
				WRAPPER_EXTENSION = app;
			};
			name = Release;
		};
		EBBB607819CD3DEB00F3295C /* Debug */ = {
			isa = XCBuildConfiguration;
			buildSettings = {
				BUNDLE_LOADER = "$(BUILT_PRODUCTS_DIR)/Youpin.app/Youpin";
				FRAMEWORK_SEARCH_PATHS = (
					"$(SDKROOT)/Developer/Library/Frameworks",
					"$(inherited)",
					"$(DEVELOPER_FRAMEWORKS_DIR)",
				);
				GCC_PRECOMPILE_PREFIX_HEADER = YES;
				GCC_PREFIX_HEADER = "Youpin/Youpin-Prefix.pch";
				GCC_PREPROCESSOR_DEFINITIONS = (
					"DEBUG=1",
					"$(inherited)",
				);
				INFOPLIST_FILE = "YoupinTests/YoupinTests-Info.plist";
				PRODUCT_NAME = "$(TARGET_NAME)";
				TEST_HOST = "$(BUNDLE_LOADER)";
				WRAPPER_EXTENSION = xctest;
			};
			name = Debug;
		};
		EBBB607919CD3DEB00F3295C /* Release */ = {
			isa = XCBuildConfiguration;
			buildSettings = {
				BUNDLE_LOADER = "$(BUILT_PRODUCTS_DIR)/Youpin.app/Youpin";
				FRAMEWORK_SEARCH_PATHS = (
					"$(SDKROOT)/Developer/Library/Frameworks",
					"$(inherited)",
					"$(DEVELOPER_FRAMEWORKS_DIR)",
				);
				GCC_PRECOMPILE_PREFIX_HEADER = YES;
				GCC_PREFIX_HEADER = "Youpin/Youpin-Prefix.pch";
				INFOPLIST_FILE = "YoupinTests/YoupinTests-Info.plist";
				PRODUCT_NAME = "$(TARGET_NAME)";
				TEST_HOST = "$(BUNDLE_LOADER)";
				WRAPPER_EXTENSION = xctest;
			};
			name = Release;
		};
/* End XCBuildConfiguration section */

/* Begin XCConfigurationList section */
		EBBB604319CD3DEB00F3295C /* Build configuration list for PBXProject "Youpin" */ = {
			isa = XCConfigurationList;
			buildConfigurations = (
				EBBB607219CD3DEB00F3295C /* Debug */,
				EBBB607319CD3DEB00F3295C /* Release */,
			);
			defaultConfigurationIsVisible = 0;
			defaultConfigurationName = Release;
		};
		EBBB607419CD3DEB00F3295C /* Build configuration list for PBXNativeTarget "Youpin" */ = {
			isa = XCConfigurationList;
			buildConfigurations = (
				EBBB607519CD3DEB00F3295C /* Debug */,
				EBBB607619CD3DEB00F3295C /* Release */,
			);
			defaultConfigurationIsVisible = 0;
			defaultConfigurationName = Release;
		};
		EBBB607719CD3DEB00F3295C /* Build configuration list for PBXNativeTarget "YoupinTests" */ = {
			isa = XCConfigurationList;
			buildConfigurations = (
				EBBB607819CD3DEB00F3295C /* Debug */,
				EBBB607919CD3DEB00F3295C /* Release */,
			);
			defaultConfigurationIsVisible = 0;
			defaultConfigurationName = Release;
		};
/* End XCConfigurationList section */
	};
	rootObject = EBBB604019CD3DEB00F3295C /* Project object */;
}
